
Microsoft Visual Studio Solution File, Format Version 12.00
# Visual Studio 15
Project("{FAE04EC0-301F-11D3-BF4B-00C04F79EFBC}") = "restaurante", "restaurante\restaurante.csproj", "{BE736984-233B-4945-A941-167C7A4F12BF}"
EndProject
Global
	GlobalSection(SolutionConfigurationPlatforms) = preSolution
		Debug|Any CPU = Debug|Any CPU
		Release|Any CPU = Release|Any CPU
	EndGlobalSection
	GlobalSection(ProjectConfigurationPlatforms) = postSolution
		{BE736984-233B-4945-A941-167C7A4F12BF}.Debug|Any CPU.ActiveCfg = Debug|Any CPU
		{BE736984-233B-4945-A941-167C7A4F12BF}.Debug|Any CPU.Build.0 = Debug|Any CPU
		{BE736984-233B-4945-A941-167C7A4F12BF}.Release|Any CPU.ActiveCfg = Release|Any CPU
		{BE736984-233B-4945-A941-167C7A4F12BF}.Release|Any CPU.Build.0 = Release|Any CPU
	EndGlobalSection
EndGlobal
